// !$*UTF8*$!
{
	archiveVersion = 1;
	classes = {
	};
	objectVersion = 48;
	objects = {

/* Begin PBXBuildFile section */
		4AACF9AD202BE1D400E88844 /* Item.swift in Sources */ = {isa = PBXBuildFile; fileRef = 4AACF9AC202BE1D400E88844 /* Item.swift */; };
		4AE31FB12022B0430031FE59 /* AppDelegate.swift in Sources */ = {isa = PBXBuildFile; fileRef = 4AE31FB02022B0430031FE59 /* AppDelegate.swift */; };
		4AE31FB32022B0430031FE59 /* TodoListViewController.swift in Sources */ = {isa = PBXBuildFile; fileRef = 4AE31FB22022B0430031FE59 /* TodoListViewController.swift */; };
		4AE31FB62022B0430031FE59 /* Main.storyboard in Resources */ = {isa = PBXBuildFile; fileRef = 4AE31FB42022B0430031FE59 /* Main.storyboard */; };
		4AE31FB82022B0430031FE59 /* Assets.xcassets in Resources */ = {isa = PBXBuildFile; fileRef = 4AE31FB72022B0430031FE59 /* Assets.xcassets */; };
		4AE31FBB2022B0430031FE59 /* LaunchScreen.storyboard in Resources */ = {isa = PBXBuildFile; fileRef = 4AE31FB92022B0430031FE59 /* LaunchScreen.storyboard */; };
/* End PBXBuildFile section */

/* Begin PBXFileReference section */
		4AACF9AC202BE1D400E88844 /* Item.swift */ = {isa = PBXFileReference; lastKnownFileType = sourcecode.swift; path = Item.swift; sourceTree = "<group>"; };
		4AE31FAD2022B0430031FE59 /* AlexToDoList.app */ = {isa = PBXFileReference; explicitFileType = wrapper.application; includeInIndex = 0; path = AlexToDoList.app; sourceTree = BUILT_PRODUCTS_DIR; };
		4AE31FB02022B0430031FE59 /* AppDelegate.swift */ = {isa = PBXFileReference; lastKnownFileType = sourcecode.swift; path = AppDelegate.swift; sourceTree = "<group>"; };
		4AE31FB22022B0430031FE59 /* TodoListViewController.swift */ = {isa = PBXFileReference; lastKnownFileType = sourcecode.swift; path = TodoListViewController.swift; sourceTree = "<group>"; };
		4AE31FB52022B0430031FE59 /* Base */ = {isa = PBXFileReference; lastKnownFileType = file.storyboard; name = Base; path = Base.lproj/Main.storyboard; sourceTree = "<group>"; };
		4AE31FB72022B0430031FE59 /* Assets.xcassets */ = {isa = PBXFileReference; lastKnownFileType = folder.assetcatalog; path = Assets.xcassets; sourceTree = "<group>"; };
		4AE31FBA2022B0430031FE59 /* Base */ = {isa = PBXFileReference; lastKnownFileType = file.storyboard; name = Base; path = Base.lproj/LaunchScreen.storyboard; sourceTree = "<group>"; };
		4AE31FBC2022B0430031FE59 /* Info.plist */ = {isa = PBXFileReference; lastKnownFileType = text.plist.xml; path = Info.plist; sourceTree = "<group>"; };
/* End PBXFileReference section */

/* Begin PBXFrameworksBuildPhase section */
		4AE31FAA2022B0430031FE59 /* Frameworks */ = {
			isa = PBXFrameworksBuildPhase;
			buildActionMask = 2147483647;
			files = (
			);
			runOnlyForDeploymentPostprocessing = 0;
		};
/* End PBXFrameworksBuildPhase section */

/* Begin PBXGroup section */
		4AACF9AE202BE23100E88844 /* DataModel */ = {
			isa = PBXGroup;
			children = (
				4AACF9AC202BE1D400E88844 /* Item.swift */,
			);
			path = DataModel;
			sourceTree = "<group>";
		};
		4AACF9AF202BE24C00E88844 /* Controllers */ = {
			isa = PBXGroup;
			children = (
				4AE31FB22022B0430031FE59 /* TodoListViewController.swift */,
			);
			path = Controllers;
			sourceTree = "<group>";
		};
		4AACF9B0202BE26B00E88844 /* Views */ = {
			isa = PBXGroup;
			children = (
				4AE31FB42022B0430031FE59 /* Main.storyboard */,
			);
			path = Views;
			sourceTree = "<group>";
		};
		4AE31FA42022B0430031FE59 = {
			isa = PBXGroup;
			children = (
				4AE31FAF2022B0430031FE59 /* AlexToDoList */,
				4AE31FAE2022B0430031FE59 /* Products */,
			);
			sourceTree = "<group>";
		};
		4AE31FAE2022B0430031FE59 /* Products */ = {
			isa = PBXGroup;
			children = (
				4AE31FAD2022B0430031FE59 /* AlexToDoList.app */,
			);
			name = Products;
			sourceTree = "<group>";
		};
		4AE31FAF2022B0430031FE59 /* AlexToDoList */ = {
			isa = PBXGroup;
			children = (
				4AE31FB02022B0430031FE59 /* AppDelegate.swift */,
				4AACF9AF202BE24C00E88844 /* Controllers */,
				4AACF9AE202BE23100E88844 /* DataModel */,
				4AACF9B0202BE26B00E88844 /* Views */,
				4AE31FB72022B0430031FE59 /* Assets.xcassets */,
				4AE31FB92022B0430031FE59 /* LaunchScreen.storyboard */,
				4AE31FBC2022B0430031FE59 /* Info.plist */,
			);
			path = AlexToDoList;
			sourceTree = "<group>";
		};
/* End PBXGroup section */

/* Begin PBXNativeTarget section */
		4AE31FAC2022B0430031FE59 /* AlexToDoList */ = {
			isa = PBXNativeTarget;
			buildConfigurationList = 4AE31FBF2022B0430031FE59 /* Build configuration list for PBXNativeTarget "AlexToDoList" */;
			buildPhases = (
				4AE31FA92022B0430031FE59 /* Sources */,
				4AE31FAA2022B0430031FE59 /* Frameworks */,
				4AE31FAB2022B0430031FE59 /* Resources */,
			);
			buildRules = (
			);
			dependencies = (
			);
			name = AlexToDoList;
			productName = AlexToDoList;
			productReference = 4AE31FAD2022B0430031FE59 /* AlexToDoList.app */;
			productType = "com.apple.product-type.application";
		};
/* End PBXNativeTarget section */

/* Begin PBXProject section */
		4AE31FA52022B0430031FE59 /* Project object */ = {
			isa = PBXProject;
			attributes = {
				LastSwiftUpdateCheck = 0920;
				LastUpgradeCheck = 0920;
				ORGANIZATIONNAME = "Alex Pashkevych";
				TargetAttributes = {
					4AE31FAC2022B0430031FE59 = {
						CreatedOnToolsVersion = 9.2;
						ProvisioningStyle = Automatic;
					};
				};
			};
			buildConfigurationList = 4AE31FA82022B0430031FE59 /* Build configuration list for PBXProject "AlexToDoList" */;
			compatibilityVersion = "Xcode 8.0";
			developmentRegion = en;
			hasScannedForEncodings = 0;
			knownRegions = (
				en,
				Base,
			);
			mainGroup = 4AE31FA42022B0430031FE59;
			productRefGroup = 4AE31FAE2022B0430031FE59 /* Products */;
			projectDirPath = "";
			projectRoot = "";
			targets = (
				4AE31FAC2022B0430031FE59 /* AlexToDoList */,
			);
		};
/* End PBXProject section */

/* Begin PBXResourcesBuildPhase section */
		4AE31FAB2022B0430031FE59 /* Resources */ = {
			isa = PBXResourcesBuildPhase;
			buildActionMask = 2147483647;
			files = (
				4AE31FBB2022B0430031FE59 /* LaunchScreen.storyboard in Resources */,
				4AE31FB82022B0430031FE59 /* Assets.xcassets in Resources */,
				4AE31FB62022B0430031FE59 /* Main.storyboard in Resources */,
			);
			runOnlyForDeploymentPostprocessing = 0;
		};
/* End PBXResourcesBuildPhase section */

/* Begin PBXSourcesBuildPhase section */
		4AE31FA92022B0430031FE59 /* Sources */ = {
			isa = PBXSourcesBuildPhase;
			buildActionMask = 2147483647;
			files = (
				4AE31FB32022B0430031FE59 /* TodoListViewController.swift in Sources */,
				4AACF9AD202BE1D400E88844 /* Item.swift in Sources */,
				4AE31FB12022B0430031FE59 /* AppDelegate.swift in Sources */,
			);
			runOnlyForDeploymentPostprocessing = 0;
		};
/* End PBXSourcesBuildPhase section */

/* Begin PBXVariantGroup section */
		4AE31FB42022B0430031FE59 /* Main.storyboard */ = {
			isa = PBXVariantGroup;
			children = (
				4AE31FB52022B0430031FE59 /* Base */,
			);
			name = Main.storyboard;
			sourceTree = "<group>";
		};
		4AE31FB92022B0430031FE59 /* LaunchScreen.storyboard */ = {
			isa = PBXVariantGroup;
			children = (
				4AE31FBA2022B0430031FE59 /* Base */,
			);
			name = LaunchScreen.storyboard;
			sourceTree = "<group>";
		};
/* End PBXVariantGroup section */

/* Begin XCBuildConfiguration section */
		4AE31FBD2022B0430031FE59 /* Debug */ = {
			isa = XCBuildConfiguration;
			buildSettings = {
				ALWAYS_SEARCH_USER_PATHS = NO;
				CLANG_ANALYZER_NONNULL = YES;
				CLANG_ANALYZER_NUMBER_OBJECT_CONVERSION = YES_AGGRESSIVE;
				CLANG_CXX_LANGUAGE_STANDARD = "gnu++14";
				CLANG_CXX_LIBRARY = "libc++";
				CLANG_ENABLE_MODULES = YES;
				CLANG_ENABLE_OBJC_ARC = YES;
				CLANG_WARN_BLOCK_CAPTURE_AUTORELEASING = YES;
				CLANG_WARN_BOOL_CONVERSION = YES;
				CLANG_WARN_COMMA = YES;
				CLANG_WARN_CONSTANT_CONVERSION = YES;
				CLANG_WARN_DIRECT_OBJC_ISA_USAGE = YES_ERROR;
				CLANG_WARN_DOCUMENTATION_COMMENTS = YES;
				CLANG_WARN_EMPTY_BODY = YES;
				CLANG_WARN_ENUM_CONVERSION = YES;
				CLANG_WARN_INFINITE_RECURSION = YES;
				CLANG_WARN_INT_CONVERSION = YES;
				CLANG_WARN_NON_LITERAL_NULL_CONVERSION = YES;
				CLANG_WARN_OBJC_LITERAL_CONVERSION = YES;
				CLANG_WARN_OBJC_ROOT_CLASS = YES_ERROR;
				CLANG_WARN_RANGE_LOOP_ANALYSIS = YES;
				CLANG_WARN_STRICT_PROTOTYPES = YES;
				CLANG_WARN_SUSPICIOUS_MOVE = YES;
				CLANG_WARN_UNGUARDED_AVAILABILITY = YES_AGGRESSIVE;
				CLANG_WARN_UNREACHABLE_CODE = YES;
				CLANG_WARN__DUPLICATE_METHOD_MATCH = YES;
				CODE_SIGN_IDENTITY = "iPhone Developer";
				COPY_PHASE_STRIP = NO;
				DEBUG_INFORMATION_FORMAT = dwarf;
				ENABLE_STRICT_OBJC_MSGSEND = YES;
				ENABLE_TESTABILITY = YES;
				GCC_C_LANGUAGE_STANDARD = gnu11;
				GCC_DYNAMIC_NO_PIC = NO;
				GCC_NO_COMMON_BLOCKS = YES;
				GCC_OPTIMIZATION_LEVEL = 0;
				GCC_PREPROCESSOR_DEFINITIONS = (
					"DEBUG=1",
					"$(inherited)",
				);
				GCC_WARN_64_TO_32_BIT_CONVERSION = YES;
				GCC_WARN_ABOUT_RETURN_TYPE = YES_ERROR;
				GCC_WARN_UNDECLARED_SELECTOR = YES;
				GCC_WARN_UNINITIALIZED_AUTOS = YES_AGGRESSIVE;
				GCC_WARN_UNUSED_FUNCTION = YES;
				GCC_WARN_UNUSED_VARIABLE = YES;
				IPHONEOS_DEPLOYMENT_TARGET = 11.2;
				MTL_ENABLE_DEBUG_INFO = YES;
				ONLY_ACTIVE_ARCH = YES;
				SDKROOT = iphoneos;
				SWIFT_ACTIVE_COMPILATION_CONDITIONS = DEBUG;
				SWIFT_OPTIMIZATION_LEVEL = "-Onone";
			};
			name = Debug;
		};
		4AE31FBE2022B0430031FE59 /* Release */ = {
			isa = XCBuildConfiguration;
			buildSettings = {
				ALWAYS_SEARCH_USER_PATHS = NO;
				CLANG_ANALYZER_NONNULL = YES;
				CLANG_ANALYZER_NUMBER_OBJECT_CONVERSION = YES_AGGRESSIVE;
				CLANG_CXX_LANGUAGE_STANDARD = "gnu++14";
				CLANG_CXX_LIBRARY = "libc++";
				CLANG_ENABLE_MODULES = YES;
				CLANG_ENABLE_OBJC_ARC = YES;
				CLANG_WARN_BLOCK_CAPTURE_AUTORELEASING = YES;
				CLANG_WARN_BOOL_CONVERSION = YES;
				CLANG_WARN_COMMA = YES;
				CLANG_WARN_CONSTANT_CONVERSION = YES;
				CLANG_WARN_DIRECT_OBJC_ISA_USAGE = YES_ERROR;
				CLANG_WARN_DOCUMENTATION_COMMENTS = YES;
				CLANG_WARN_EMPTY_BODY = YES;
				CLANG_WARN_ENUM_CONVERSION = YES;
				CLANG_WARN_INFINITE_RECURSION = YES;
				CLANG_WARN_INT_CONVERSION = YES;
				CLANG_WARN_NON_LITERAL_NULL_CONVERSION = YES;
				CLANG_WARN_OBJC_LITERAL_CONVERSION = YES;
				CLANG_WARN_OBJC_ROOT_CLASS = YES_ERROR;
				CLANG_WARN_RANGE_LOOP_ANALYSIS = YES;
				CLANG_WARN_STRICT_PROTOTYPES = YES;
				CLANG_WARN_SUSPICIOUS_MOVE = YES;
				CLANG_WARN_UNGUARDED_AVAILABILITY = YES_AGGRESSIVE;
				CLANG_WARN_UNREACHABLE_CODE = YES;
				CLANG_WARN__DUPLICATE_METHOD_MATCH = YES;
				CODE_SIGN_IDENTITY = "iPhone Developer";
				COPY_PHASE_STRIP = NO;
				DEBUG_INFORMATION_FORMAT = "dwarf-with-dsym";
				ENABLE_NS_ASSERTIONS = NO;
				ENABLE_STRICT_OBJC_MSGSEND = YES;
				GCC_C_LANGUAGE_STANDARD = gnu11;
				GCC_NO_COMMON_BLOCKS = YES;
				GCC_WARN_64_TO_32_BIT_CONVERSION = YES;
				GCC_WARN_ABOUT_RETURN_TYPE = YES_ERROR;
				GCC_WARN_UNDECLARED_SELECTOR = YES;
				GCC_WARN_UNINITIALIZED_AUTOS = YES_AGGRESSIVE;
				GCC_WARN_UNUSED_FUNCTION = YES;
				GCC_WARN_UNUSED_VARIABLE = YES;
				IPHONEOS_DEPLOYMENT_TARGET = 11.2;
				MTL_ENABLE_DEBUG_INFO = NO;
				SDKROOT = iphoneos;
				SWIFT_OPTIMIZATION_LEVEL = "-Owholemodule";
				VALIDATE_PRODUCT = YES;
			};
			name = Release;
		};
		4AE31FC02022B0430031FE59 /* Debug */ = {
			isa = XCBuildConfiguration;
			buildSettings = {
				ASSETCATALOG_COMPILER_APPICON_NAME = AppIcon;
				CODE_SIGN_STYLE = Automatic;
				DEVELOPMENT_TEAM = V47A6JMDSX;
				INFOPLIST_FILE = AlexToDoList/Info.plist;
				LD_RUNPATH_SEARCH_PATHS = "$(inherited) @executable_path/Frameworks";
				PRODUCT_BUNDLE_IDENTIFIER = com.ap.AlexToDoList;
				PRODUCT_NAME = "$(TARGET_NAME)";
				SWIFT_VERSION = 4.0;
				TARGETED_DEVICE_FAMILY = "1,2";
			};
			name = Debug;
		};
		4AE31FC12022B0430031FE59 /* Release */ = {
			isa = XCBuildConfiguration;
			buildSettings = {
				ASSETCATALOG_COMPILER_APPICON_NAME = AppIcon;
				CODE_SIGN_STYLE = Automatic;
				DEVELOPMENT_TEAM = V47A6JMDSX;
				INFOPLIST_FILE = AlexToDoList/Info.plist;
				LD_RUNPATH_SEARCH_PATHS = "$(inherited) @executable_path/Frameworks";
				PRODUCT_BUNDLE_IDENTIFIER = com.ap.AlexToDoList;
				PRODUCT_NAME = "$(TARGET_NAME)";
				SWIFT_VERSION = 4.0;
				TARGETED_DEVICE_FAMILY = "1,2";
			};
			name = Release;
		};
/* End XCBuildConfiguration section */

/* Begin XCConfigurationList section */
		4AE31FA82022B0430031FE59 /* Build configuration list for PBXProject "AlexToDoList" */ = {
			isa = XCConfigurationList;
			buildConfigurations = (
				4AE31FBD2022B0430031FE59 /* Debug */,
				4AE31FBE2022B0430031FE59 /* Release */,
			);
			defaultConfigurationIsVisible = 0;
			defaultConfigurationName = Release;
		};
		4AE31FBF2022B0430031FE59 /* Build configuration list for PBXNativeTarget "AlexToDoList" */ = {
			isa = XCConfigurationList;
			buildConfigurations = (
				4AE31FC02022B0430031FE59 /* Debug */,
				4AE31FC12022B0430031FE59 /* Release */,
			);
			defaultConfigurationIsVisible = 0;
			defaultConfigurationName = Release;
		};
/* End XCConfigurationList section */
	};
	rootObject = 4AE31FA52022B0430031FE59 /* Project object */;
}
